{
  "nodes": {
    "nixCats": {
      "locked": {
        "lastModified": 1740837766,
        "narHash": "sha256-LKeBL3gjm+Fg2yVDKqB2gIiVnccv4TSUtt5NmQcasrk=",
        "owner": "BirdeeHub",
        "repo": "nixCats-nvim",
        "rev": "83264cfaf7d7438c52db28a95934d87ae45faaae",
        "type": "github"
      },
      "original": {
        "owner": "BirdeeHub",
        "repo": "nixCats-nvim",
        "type": "github"
      }
    },
    "nixpkgs": {
      "locked": {
        "lastModified": 1741006840,
        "narHash": "sha256-/PLl/bBq+fdNR0mLFeIdEgh0O4URobH0R9+InbpdGhU=",
        "owner": "nixos",
        "repo": "nixpkgs",
        "rev": "95eacfb6d1accf8d59a9e570d26d04ad693d2ec3",
        "type": "github"
      },
      "original": {
        "owner": "nixos",
        "ref": "nixpkgs-unstable",
        "repo": "nixpkgs",
        "type": "github"
      }
    },
    "root": {
      "inputs": {
        "nixCats": "nixCats",
        "nixpkgs": "nixpkgs"
      }
    }
  },
  "root": "root",
  "version": 7
}
